// !$*UTF8*$!
{
	archiveVersion = 1;
	classes = {
	};
	objectVersion = 56;
	objects = {

/* Begin PBXBuildFile section */
		81B45FC729D0A46F00F96E7E /* Game.swift in Sources */ = {isa = PBXBuildFile; fileRef = 81B45FC629D0A46F00F96E7E /* Game.swift */; };
		81B45FC929D0A48400F96E7E /* GameSession.swift in Sources */ = {isa = PBXBuildFile; fileRef = 81B45FC829D0A48400F96E7E /* GameSession.swift */; };
		81B45FCB29D0A4A400F96E7E /* Result.swift in Sources */ = {isa = PBXBuildFile; fileRef = 81B45FCA29D0A4A400F96E7E /* Result.swift */; };
		81B45FCD29D0A4E100F96E7E /* GameCaretaker.swift in Sources */ = {isa = PBXBuildFile; fileRef = 81B45FCC29D0A4E100F96E7E /* GameCaretaker.swift */; };
		81B45FCF29D0A90500F96E7E /* Question.swift in Sources */ = {isa = PBXBuildFile; fileRef = 81B45FCE29D0A90500F96E7E /* Question.swift */; };
		81B45FD129D0A94500F96E7E /* QuestionsData.swift in Sources */ = {isa = PBXBuildFile; fileRef = 81B45FD029D0A94500F96E7E /* QuestionsData.swift */; };
		81B45FD329D0E1CB00F96E7E /* ResultsViewController.swift in Sources */ = {isa = PBXBuildFile; fileRef = 81B45FD229D0E1CB00F96E7E /* ResultsViewController.swift */; };
		81B45FD829D3868600F96E7E /* SettingsViewController.swift in Sources */ = {isa = PBXBuildFile; fileRef = 81B45FD729D3868600F96E7E /* SettingsViewController.swift */; };
		81B45FDA29D830A400F96E7E /* QuestionShow.swift in Sources */ = {isa = PBXBuildFile; fileRef = 81B45FD929D830A400F96E7E /* QuestionShow.swift */; };
		81B45FDD29D83AC900F96E7E /* QuestionShowStrategy.swift in Sources */ = {isa = PBXBuildFile; fileRef = 81B45FDC29D83AC900F96E7E /* QuestionShowStrategy.swift */; };
		81B45FDF29D8563C00F96E7E /* Observable.swift in Sources */ = {isa = PBXBuildFile; fileRef = 81B45FDE29D8563C00F96E7E /* Observable.swift */; };
		81B45FE429D88C6700F96E7E /* QuestionAddTableViewCell.swift in Sources */ = {isa = PBXBuildFile; fileRef = 81B45FE229D88C6700F96E7E /* QuestionAddTableViewCell.swift */; };
		81B45FE529D88C6700F96E7E /* QuestionAddTableViewCell.xib in Resources */ = {isa = PBXBuildFile; fileRef = 81B45FE329D88C6700F96E7E /* QuestionAddTableViewCell.xib */; };
		81F5D8EC29D077D800FA1ED5 /* AppDelegate.swift in Sources */ = {isa = PBXBuildFile; fileRef = 81F5D8EB29D077D800FA1ED5 /* AppDelegate.swift */; };
		81F5D8EE29D077D800FA1ED5 /* SceneDelegate.swift in Sources */ = {isa = PBXBuildFile; fileRef = 81F5D8ED29D077D800FA1ED5 /* SceneDelegate.swift */; };
		81F5D8F029D077D800FA1ED5 /* MainViewController.swift in Sources */ = {isa = PBXBuildFile; fileRef = 81F5D8EF29D077D800FA1ED5 /* MainViewController.swift */; };
		81F5D8F329D077D800FA1ED5 /* Main.storyboard in Resources */ = {isa = PBXBuildFile; fileRef = 81F5D8F129D077D800FA1ED5 /* Main.storyboard */; };
		81F5D8F829D077D900FA1ED5 /* Assets.xcassets in Resources */ = {isa = PBXBuildFile; fileRef = 81F5D8F729D077D900FA1ED5 /* Assets.xcassets */; };
		81F5D8FB29D077D900FA1ED5 /* LaunchScreen.storyboard in Resources */ = {isa = PBXBuildFile; fileRef = 81F5D8F929D077D900FA1ED5 /* LaunchScreen.storyboard */; };
		81F5D90C29D08A3200FA1ED5 /* GameViewController.swift in Sources */ = {isa = PBXBuildFile; fileRef = 81F5D90B29D08A3200FA1ED5 /* GameViewController.swift */; };
/* End PBXBuildFile section */

/* Begin PBXFileReference section */
		81B45FC629D0A46F00F96E7E /* Game.swift */ = {isa = PBXFileReference; lastKnownFileType = sourcecode.swift; path = Game.swift; sourceTree = "<group>"; };
		81B45FC829D0A48400F96E7E /* GameSession.swift */ = {isa = PBXFileReference; lastKnownFileType = sourcecode.swift; path = GameSession.swift; sourceTree = "<group>"; };
		81B45FCA29D0A4A400F96E7E /* Result.swift */ = {isa = PBXFileReference; lastKnownFileType = sourcecode.swift; path = Result.swift; sourceTree = "<group>"; };
		81B45FCC29D0A4E100F96E7E /* GameCaretaker.swift */ = {isa = PBXFileReference; lastKnownFileType = sourcecode.swift; path = GameCaretaker.swift; sourceTree = "<group>"; };
		81B45FCE29D0A90500F96E7E /* Question.swift */ = {isa = PBXFileReference; lastKnownFileType = sourcecode.swift; path = Question.swift; sourceTree = "<group>"; };
		81B45FD029D0A94500F96E7E /* QuestionsData.swift */ = {isa = PBXFileReference; lastKnownFileType = sourcecode.swift; path = QuestionsData.swift; sourceTree = "<group>"; };
		81B45FD229D0E1CB00F96E7E /* ResultsViewController.swift */ = {isa = PBXFileReference; lastKnownFileType = sourcecode.swift; path = ResultsViewController.swift; sourceTree = "<group>"; };
		81B45FD729D3868600F96E7E /* SettingsViewController.swift */ = {isa = PBXFileReference; lastKnownFileType = sourcecode.swift; path = SettingsViewController.swift; sourceTree = "<group>"; };
		81B45FD929D830A400F96E7E /* QuestionShow.swift */ = {isa = PBXFileReference; lastKnownFileType = sourcecode.swift; path = QuestionShow.swift; sourceTree = "<group>"; };
		81B45FDC29D83AC900F96E7E /* QuestionShowStrategy.swift */ = {isa = PBXFileReference; lastKnownFileType = sourcecode.swift; path = QuestionShowStrategy.swift; sourceTree = "<group>"; };
		81B45FDE29D8563C00F96E7E /* Observable.swift */ = {isa = PBXFileReference; lastKnownFileType = sourcecode.swift; path = Observable.swift; sourceTree = "<group>"; };
		81B45FE229D88C6700F96E7E /* QuestionAddTableViewCell.swift */ = {isa = PBXFileReference; lastKnownFileType = sourcecode.swift; path = QuestionAddTableViewCell.swift; sourceTree = "<group>"; };
		81B45FE329D88C6700F96E7E /* QuestionAddTableViewCell.xib */ = {isa = PBXFileReference; lastKnownFileType = file.xib; path = QuestionAddTableViewCell.xib; sourceTree = "<group>"; };
		81F5D8E829D077D800FA1ED5 /* GameMillionaire.app */ = {isa = PBXFileReference; explicitFileType = wrapper.application; includeInIndex = 0; path = GameMillionaire.app; sourceTree = BUILT_PRODUCTS_DIR; };
		81F5D8EB29D077D800FA1ED5 /* AppDelegate.swift */ = {isa = PBXFileReference; lastKnownFileType = sourcecode.swift; path = AppDelegate.swift; sourceTree = "<group>"; };
		81F5D8ED29D077D800FA1ED5 /* SceneDelegate.swift */ = {isa = PBXFileReference; lastKnownFileType = sourcecode.swift; path = SceneDelegate.swift; sourceTree = "<group>"; };
		81F5D8EF29D077D800FA1ED5 /* MainViewController.swift */ = {isa = PBXFileReference; lastKnownFileType = sourcecode.swift; path = MainViewController.swift; sourceTree = "<group>"; };
		81F5D8F229D077D800FA1ED5 /* Base */ = {isa = PBXFileReference; lastKnownFileType = file.storyboard; name = Base; path = Base.lproj/Main.storyboard; sourceTree = "<group>"; };
		81F5D8F729D077D900FA1ED5 /* Assets.xcassets */ = {isa = PBXFileReference; lastKnownFileType = folder.assetcatalog; path = Assets.xcassets; sourceTree = "<group>"; };
		81F5D8FA29D077D900FA1ED5 /* Base */ = {isa = PBXFileReference; lastKnownFileType = file.storyboard; name = Base; path = Base.lproj/LaunchScreen.storyboard; sourceTree = "<group>"; };
		81F5D8FC29D077D900FA1ED5 /* Info.plist */ = {isa = PBXFileReference; lastKnownFileType = text.plist.xml; path = Info.plist; sourceTree = "<group>"; };
		81F5D90B29D08A3200FA1ED5 /* GameViewController.swift */ = {isa = PBXFileReference; lastKnownFileType = sourcecode.swift; path = GameViewController.swift; sourceTree = "<group>"; };
/* End PBXFileReference section */

/* Begin PBXFrameworksBuildPhase section */
		81F5D8E529D077D800FA1ED5 /* Frameworks */ = {
			isa = PBXFrameworksBuildPhase;
			buildActionMask = 2147483647;
			files = (
			);
			runOnlyForDeploymentPostprocessing = 0;
		};
/* End PBXFrameworksBuildPhase section */

/* Begin PBXGroup section */
		81B45FDB29D83AA400F96E7E /* Strategy */ = {
			isa = PBXGroup;
			children = (
				81B45FDC29D83AC900F96E7E /* QuestionShowStrategy.swift */,
				81B45FDE29D8563C00F96E7E /* Observable.swift */,
			);
			path = Strategy;
			sourceTree = "<group>";
		};
		81B45FE729D891A300F96E7E /* QuestionAddTableViewCell */ = {
			isa = PBXGroup;
			children = (
				81B45FE229D88C6700F96E7E /* QuestionAddTableViewCell.swift */,
				81B45FE329D88C6700F96E7E /* QuestionAddTableViewCell.xib */,
			);
			path = QuestionAddTableViewCell;
			sourceTree = "<group>";
		};
		81F5D8DF29D077D700FA1ED5 = {
			isa = PBXGroup;
			children = (
				81F5D8EA29D077D800FA1ED5 /* GameMillionaire */,
				81F5D8E929D077D800FA1ED5 /* Products */,
			);
			sourceTree = "<group>";
		};
		81F5D8E929D077D800FA1ED5 /* Products */ = {
			isa = PBXGroup;
			children = (
				81F5D8E829D077D800FA1ED5 /* GameMillionaire.app */,
			);
			name = Products;
			sourceTree = "<group>";
		};
		81F5D8EA29D077D800FA1ED5 /* GameMillionaire */ = {
			isa = PBXGroup;
			children = (
				81B45FDB29D83AA400F96E7E /* Strategy */,
				81F5D90229D0801000FA1ED5 /* Model */,
				81F5D90829D0850D00FA1ED5 /* Controller */,
				81F5D90729D084CF00FA1ED5 /* Resourse */,
				81F5D8EB29D077D800FA1ED5 /* AppDelegate.swift */,
				81F5D8ED29D077D800FA1ED5 /* SceneDelegate.swift */,
				81F5D8FC29D077D900FA1ED5 /* Info.plist */,
			);
			path = GameMillionaire;
			sourceTree = "<group>";
		};
		81F5D90229D0801000FA1ED5 /* Model */ = {
			isa = PBXGroup;
			children = (
				81B45FC629D0A46F00F96E7E /* Game.swift */,
				81B45FC829D0A48400F96E7E /* GameSession.swift */,
				81B45FCA29D0A4A400F96E7E /* Result.swift */,
				81B45FCC29D0A4E100F96E7E /* GameCaretaker.swift */,
				81B45FCE29D0A90500F96E7E /* Question.swift */,
				81B45FD029D0A94500F96E7E /* QuestionsData.swift */,
				81B45FD929D830A400F96E7E /* QuestionShow.swift */,
			);
			path = Model;
			sourceTree = "<group>";
		};
		81F5D90729D084CF00FA1ED5 /* Resourse */ = {
			isa = PBXGroup;
			children = (
				81F5D8F729D077D900FA1ED5 /* Assets.xcassets */,
				81F5D8F129D077D800FA1ED5 /* Main.storyboard */,
				81F5D8F929D077D900FA1ED5 /* LaunchScreen.storyboard */,
			);
			path = Resourse;
			sourceTree = "<group>";
		};
		81F5D90829D0850D00FA1ED5 /* Controller */ = {
			isa = PBXGroup;
			children = (
				81F5D8EF29D077D800FA1ED5 /* MainViewController.swift */,
				81F5D90B29D08A3200FA1ED5 /* GameViewController.swift */,
				81B45FD229D0E1CB00F96E7E /* ResultsViewController.swift */,
				81B45FD729D3868600F96E7E /* SettingsViewController.swift */,
				81B45FE729D891A300F96E7E /* QuestionAddTableViewCell */,
			);
			path = Controller;
			sourceTree = "<group>";
		};
/* End PBXGroup section */

/* Begin PBXNativeTarget section */
		81F5D8E729D077D800FA1ED5 /* GameMillionaire */ = {
			isa = PBXNativeTarget;
			buildConfigurationList = 81F5D8FF29D077D900FA1ED5 /* Build configuration list for PBXNativeTarget "GameMillionaire" */;
			buildPhases = (
				81F5D8E429D077D800FA1ED5 /* Sources */,
				81F5D8E529D077D800FA1ED5 /* Frameworks */,
				81F5D8E629D077D800FA1ED5 /* Resources */,
			);
			buildRules = (
			);
			dependencies = (
			);
			name = GameMillionaire;
			productName = GameMillionaire;
			productReference = 81F5D8E829D077D800FA1ED5 /* GameMillionaire.app */;
			productType = "com.apple.product-type.application";
		};
/* End PBXNativeTarget section */

/* Begin PBXProject section */
		81F5D8E029D077D700FA1ED5 /* Project object */ = {
			isa = PBXProject;
			attributes = {
				BuildIndependentTargetsInParallel = 1;
				LastSwiftUpdateCheck = 1420;
				LastUpgradeCheck = 1420;
				TargetAttributes = {
					81F5D8E729D077D800FA1ED5 = {
						CreatedOnToolsVersion = 14.2;
					};
				};
			};
			buildConfigurationList = 81F5D8E329D077D700FA1ED5 /* Build configuration list for PBXProject "GameMillionaire" */;
			compatibilityVersion = "Xcode 14.0";
			developmentRegion = en;
			hasScannedForEncodings = 0;
			knownRegions = (
				en,
				Base,
			);
			mainGroup = 81F5D8DF29D077D700FA1ED5;
			productRefGroup = 81F5D8E929D077D800FA1ED5 /* Products */;
			projectDirPath = "";
			projectRoot = "";
			targets = (
				81F5D8E729D077D800FA1ED5 /* GameMillionaire */,
			);
		};
/* End PBXProject section */

/* Begin PBXResourcesBuildPhase section */
		81F5D8E629D077D800FA1ED5 /* Resources */ = {
			isa = PBXResourcesBuildPhase;
			buildActionMask = 2147483647;
			files = (
				81F5D8FB29D077D900FA1ED5 /* LaunchScreen.storyboard in Resources */,
				81B45FE529D88C6700F96E7E /* QuestionAddTableViewCell.xib in Resources */,
				81F5D8F829D077D900FA1ED5 /* Assets.xcassets in Resources */,
				81F5D8F329D077D800FA1ED5 /* Main.storyboard in Resources */,
			);
			runOnlyForDeploymentPostprocessing = 0;
		};
/* End PBXResourcesBuildPhase section */

/* Begin PBXSourcesBuildPhase section */
		81F5D8E429D077D800FA1ED5 /* Sources */ = {
			isa = PBXSourcesBuildPhase;
			buildActionMask = 2147483647;
			files = (
				81B45FD329D0E1CB00F96E7E /* ResultsViewController.swift in Sources */,
				81B45FDF29D8563C00F96E7E /* Observable.swift in Sources */,
				81F5D90C29D08A3200FA1ED5 /* GameViewController.swift in Sources */,
				81B45FCD29D0A4E100F96E7E /* GameCaretaker.swift in Sources */,
				81F5D8F029D077D800FA1ED5 /* MainViewController.swift in Sources */,
				81B45FD129D0A94500F96E7E /* QuestionsData.swift in Sources */,
				81B45FDD29D83AC900F96E7E /* QuestionShowStrategy.swift in Sources */,
				81B45FCF29D0A90500F96E7E /* Question.swift in Sources */,
				81F5D8EC29D077D800FA1ED5 /* AppDelegate.swift in Sources */,
				81F5D8EE29D077D800FA1ED5 /* SceneDelegate.swift in Sources */,
				81B45FCB29D0A4A400F96E7E /* Result.swift in Sources */,
				81B45FC929D0A48400F96E7E /* GameSession.swift in Sources */,
				81B45FC729D0A46F00F96E7E /* Game.swift in Sources */,
				81B45FD829D3868600F96E7E /* SettingsViewController.swift in Sources */,
				81B45FE429D88C6700F96E7E /* QuestionAddTableViewCell.swift in Sources */,
				81B45FDA29D830A400F96E7E /* QuestionShow.swift in Sources */,
			);
			runOnlyForDeploymentPostprocessing = 0;
		};
/* End PBXSourcesBuildPhase section */

/* Begin PBXVariantGroup section */
		81F5D8F129D077D800FA1ED5 /* Main.storyboard */ = {
			isa = PBXVariantGroup;
			children = (
				81F5D8F229D077D800FA1ED5 /* Base */,
			);
			name = Main.storyboard;
			sourceTree = "<group>";
		};
		81F5D8F929D077D900FA1ED5 /* LaunchScreen.storyboard */ = {
			isa = PBXVariantGroup;
			children = (
				81F5D8FA29D077D900FA1ED5 /* Base */,
			);
			name = LaunchScreen.storyboard;
			sourceTree = "<group>";
		};
/* End PBXVariantGroup section */

/* Begin XCBuildConfiguration section */
		81F5D8FD29D077D900FA1ED5 /* Debug */ = {
			isa = XCBuildConfiguration;
			buildSettings = {
				ALWAYS_SEARCH_USER_PATHS = NO;
				CLANG_ANALYZER_NONNULL = YES;
				CLANG_ANALYZER_NUMBER_OBJECT_CONVERSION = YES_AGGRESSIVE;
				CLANG_CXX_LANGUAGE_STANDARD = "gnu++20";
				CLANG_ENABLE_MODULES = YES;
				CLANG_ENABLE_OBJC_ARC = YES;
				CLANG_ENABLE_OBJC_WEAK = YES;
				CLANG_WARN_BLOCK_CAPTURE_AUTORELEASING = YES;
				CLANG_WARN_BOOL_CONVERSION = YES;
				CLANG_WARN_COMMA = YES;
				CLANG_WARN_CONSTANT_CONVERSION = YES;
				CLANG_WARN_DEPRECATED_OBJC_IMPLEMENTATIONS = YES;
				CLANG_WARN_DIRECT_OBJC_ISA_USAGE = YES_ERROR;
				CLANG_WARN_DOCUMENTATION_COMMENTS = YES;
				CLANG_WARN_EMPTY_BODY = YES;
				CLANG_WARN_ENUM_CONVERSION = YES;
				CLANG_WARN_INFINITE_RECURSION = YES;
				CLANG_WARN_INT_CONVERSION = YES;
				CLANG_WARN_NON_LITERAL_NULL_CONVERSION = YES;
				CLANG_WARN_OBJC_IMPLICIT_RETAIN_SELF = YES;
				CLANG_WARN_OBJC_LITERAL_CONVERSION = YES;
				CLANG_WARN_OBJC_ROOT_CLASS = YES_ERROR;
				CLANG_WARN_QUOTED_INCLUDE_IN_FRAMEWORK_HEADER = YES;
				CLANG_WARN_RANGE_LOOP_ANALYSIS = YES;
				CLANG_WARN_STRICT_PROTOTYPES = YES;
				CLANG_WARN_SUSPICIOUS_MOVE = YES;
				CLANG_WARN_UNGUARDED_AVAILABILITY = YES_AGGRESSIVE;
				CLANG_WARN_UNREACHABLE_CODE = YES;
				CLANG_WARN__DUPLICATE_METHOD_MATCH = YES;
				COPY_PHASE_STRIP = NO;
				DEBUG_INFORMATION_FORMAT = dwarf;
				ENABLE_STRICT_OBJC_MSGSEND = YES;
				ENABLE_TESTABILITY = YES;
				GCC_C_LANGUAGE_STANDARD = gnu11;
				GCC_DYNAMIC_NO_PIC = NO;
				GCC_NO_COMMON_BLOCKS = YES;
				GCC_OPTIMIZATION_LEVEL = 0;
				GCC_PREPROCESSOR_DEFINITIONS = (
					"DEBUG=1",
					"$(inherited)",
				);
				GCC_WARN_64_TO_32_BIT_CONVERSION = YES;
				GCC_WARN_ABOUT_RETURN_TYPE = YES_ERROR;
				GCC_WARN_UNDECLARED_SELECTOR = YES;
				GCC_WARN_UNINITIALIZED_AUTOS = YES_AGGRESSIVE;
				GCC_WARN_UNUSED_FUNCTION = YES;
				GCC_WARN_UNUSED_VARIABLE = YES;
				IPHONEOS_DEPLOYMENT_TARGET = 16.2;
				MTL_ENABLE_DEBUG_INFO = INCLUDE_SOURCE;
				MTL_FAST_MATH = YES;
				ONLY_ACTIVE_ARCH = YES;
				SDKROOT = iphoneos;
				SWIFT_ACTIVE_COMPILATION_CONDITIONS = DEBUG;
				SWIFT_OPTIMIZATION_LEVEL = "-Onone";
			};
			name = Debug;
		};
		81F5D8FE29D077D900FA1ED5 /* Release */ = {
			isa = XCBuildConfiguration;
			buildSettings = {
				ALWAYS_SEARCH_USER_PATHS = NO;
				CLANG_ANALYZER_NONNULL = YES;
				CLANG_ANALYZER_NUMBER_OBJECT_CONVERSION = YES_AGGRESSIVE;
				CLANG_CXX_LANGUAGE_STANDARD = "gnu++20";
				CLANG_ENABLE_MODULES = YES;
				CLANG_ENABLE_OBJC_ARC = YES;
				CLANG_ENABLE_OBJC_WEAK = YES;
				CLANG_WARN_BLOCK_CAPTURE_AUTORELEASING = YES;
				CLANG_WARN_BOOL_CONVERSION = YES;
				CLANG_WARN_COMMA = YES;
				CLANG_WARN_CONSTANT_CONVERSION = YES;
				CLANG_WARN_DEPRECATED_OBJC_IMPLEMENTATIONS = YES;
				CLANG_WARN_DIRECT_OBJC_ISA_USAGE = YES_ERROR;
				CLANG_WARN_DOCUMENTATION_COMMENTS = YES;
				CLANG_WARN_EMPTY_BODY = YES;
				CLANG_WARN_ENUM_CONVERSION = YES;
				CLANG_WARN_INFINITE_RECURSION = YES;
				CLANG_WARN_INT_CONVERSION = YES;
				CLANG_WARN_NON_LITERAL_NULL_CONVERSION = YES;
				CLANG_WARN_OBJC_IMPLICIT_RETAIN_SELF = YES;
				CLANG_WARN_OBJC_LITERAL_CONVERSION = YES;
				CLANG_WARN_OBJC_ROOT_CLASS = YES_ERROR;
				CLANG_WARN_QUOTED_INCLUDE_IN_FRAMEWORK_HEADER = YES;
				CLANG_WARN_RANGE_LOOP_ANALYSIS = YES;
				CLANG_WARN_STRICT_PROTOTYPES = YES;
				CLANG_WARN_SUSPICIOUS_MOVE = YES;
				CLANG_WARN_UNGUARDED_AVAILABILITY = YES_AGGRESSIVE;
				CLANG_WARN_UNREACHABLE_CODE = YES;
				CLANG_WARN__DUPLICATE_METHOD_MATCH = YES;
				COPY_PHASE_STRIP = NO;
				DEBUG_INFORMATION_FORMAT = "dwarf-with-dsym";
				ENABLE_NS_ASSERTIONS = NO;
				ENABLE_STRICT_OBJC_MSGSEND = YES;
				GCC_C_LANGUAGE_STANDARD = gnu11;
				GCC_NO_COMMON_BLOCKS = YES;
				GCC_WARN_64_TO_32_BIT_CONVERSION = YES;
				GCC_WARN_ABOUT_RETURN_TYPE = YES_ERROR;
				GCC_WARN_UNDECLARED_SELECTOR = YES;
				GCC_WARN_UNINITIALIZED_AUTOS = YES_AGGRESSIVE;
				GCC_WARN_UNUSED_FUNCTION = YES;
				GCC_WARN_UNUSED_VARIABLE = YES;
				IPHONEOS_DEPLOYMENT_TARGET = 16.2;
				MTL_ENABLE_DEBUG_INFO = NO;
				MTL_FAST_MATH = YES;
				SDKROOT = iphoneos;
				SWIFT_COMPILATION_MODE = wholemodule;
				SWIFT_OPTIMIZATION_LEVEL = "-O";
				VALIDATE_PRODUCT = YES;
			};
			name = Release;
		};
		81F5D90029D077D900FA1ED5 /* Debug */ = {
			isa = XCBuildConfiguration;
			buildSettings = {
				ASSETCATALOG_COMPILER_APPICON_NAME = AppIcon;
				ASSETCATALOG_COMPILER_GLOBAL_ACCENT_COLOR_NAME = AccentColor;
				CODE_SIGN_STYLE = Automatic;
				CURRENT_PROJECT_VERSION = 1;
				DEVELOPMENT_TEAM = Y5Q79239V5;
				GENERATE_INFOPLIST_FILE = YES;
				INFOPLIST_FILE = GameMillionaire/Info.plist;
				INFOPLIST_KEY_UIApplicationSupportsIndirectInputEvents = YES;
				INFOPLIST_KEY_UILaunchStoryboardName = LaunchScreen;
				INFOPLIST_KEY_UIMainStoryboardFile = Main;
				INFOPLIST_KEY_UISupportedInterfaceOrientations_iPad = "UIInterfaceOrientationPortrait UIInterfaceOrientationPortraitUpsideDown UIInterfaceOrientationLandscapeLeft UIInterfaceOrientationLandscapeRight";
				INFOPLIST_KEY_UISupportedInterfaceOrientations_iPhone = "UIInterfaceOrientationPortrait UIInterfaceOrientationLandscapeLeft UIInterfaceOrientationLandscapeRight";
				LD_RUNPATH_SEARCH_PATHS = (
					"$(inherited)",
					"@executable_path/Frameworks",
				);
				MARKETING_VERSION = 1.0;
				PRODUCT_BUNDLE_IDENTIFIER = home.GameMillionaire;
				PRODUCT_NAME = "$(TARGET_NAME)";
				SWIFT_EMIT_LOC_STRINGS = YES;
				SWIFT_VERSION = 5.0;
				TARGETED_DEVICE_FAMILY = "1,2";
			};
			name = Debug;
		};
		81F5D90129D077D900FA1ED5 /* Release */ = {
			isa = XCBuildConfiguration;
			buildSettings = {
				ASSETCATALOG_COMPILER_APPICON_NAME = AppIcon;
				ASSETCATALOG_COMPILER_GLOBAL_ACCENT_COLOR_NAME = AccentColor;
				CODE_SIGN_STYLE = Automatic;
				CURRENT_PROJECT_VERSION = 1;
				DEVELOPMENT_TEAM = Y5Q79239V5;
				GENERATE_INFOPLIST_FILE = YES;
				INFOPLIST_FILE = GameMillionaire/Info.plist;
				INFOPLIST_KEY_UIApplicationSupportsIndirectInputEvents = YES;
				INFOPLIST_KEY_UILaunchStoryboardName = LaunchScreen;
				INFOPLIST_KEY_UIMainStoryboardFile = Main;
				INFOPLIST_KEY_UISupportedInterfaceOrientations_iPad = "UIInterfaceOrientationPortrait UIInterfaceOrientationPortraitUpsideDown UIInterfaceOrientationLandscapeLeft UIInterfaceOrientationLandscapeRight";
				INFOPLIST_KEY_UISupportedInterfaceOrientations_iPhone = "UIInterfaceOrientationPortrait UIInterfaceOrientationLandscapeLeft UIInterfaceOrientationLandscapeRight";
				LD_RUNPATH_SEARCH_PATHS = (
					"$(inherited)",
					"@executable_path/Frameworks",
				);
				MARKETING_VERSION = 1.0;
				PRODUCT_BUNDLE_IDENTIFIER = home.GameMillionaire;
				PRODUCT_NAME = "$(TARGET_NAME)";
				SWIFT_EMIT_LOC_STRINGS = YES;
				SWIFT_VERSION = 5.0;
				TARGETED_DEVICE_FAMILY = "1,2";
			};
			name = Release;
		};
/* End XCBuildConfiguration section */

/* Begin XCConfigurationList section */
		81F5D8E329D077D700FA1ED5 /* Build configuration list for PBXProject "GameMillionaire" */ = {
			isa = XCConfigurationList;
			buildConfigurations = (
				81F5D8FD29D077D900FA1ED5 /* Debug */,
				81F5D8FE29D077D900FA1ED5 /* Release */,
			);
			defaultConfigurationIsVisible = 0;
			defaultConfigurationName = Release;
		};
		81F5D8FF29D077D900FA1ED5 /* Build configuration list for PBXNativeTarget "GameMillionaire" */ = {
			isa = XCConfigurationList;
			buildConfigurations = (
				81F5D90029D077D900FA1ED5 /* Debug */,
				81F5D90129D077D900FA1ED5 /* Release */,
			);
			defaultConfigurationIsVisible = 0;
			defaultConfigurationName = Release;
		};
/* End XCConfigurationList section */
	};
	rootObject = 81F5D8E029D077D700FA1ED5 /* Project object */;
}
